// !$*UTF8*$!
{
	archiveVersion = 1;
	classes = {
	};
	objectVersion = 51;
	objects = {

/* Begin PBXBuildFile section */
		5A14FAEAAFC8342E6BDD7207 /* Pods_AuthorizationWithFirebaseTests.framework in Frameworks */ = {isa = PBXBuildFile; fileRef = D9108140DA2C6CE760C9BFB9 /* Pods_AuthorizationWithFirebaseTests.framework */; };
		73E4245821194607924C21DD /* Pods_AuthorizationWithFirebase.framework in Frameworks */ = {isa = PBXBuildFile; fileRef = 9BAB2F29CF669C0DA766AF09 /* Pods_AuthorizationWithFirebase.framework */; };
		B273F0E72638922300FC5195 /* AppDelegate.swift in Sources */ = {isa = PBXBuildFile; fileRef = B273F0E62638922300FC5195 /* AppDelegate.swift */; };
		B273F0E92638922300FC5195 /* SceneDelegate.swift in Sources */ = {isa = PBXBuildFile; fileRef = B273F0E82638922300FC5195 /* SceneDelegate.swift */; };
		B273F0EB2638922300FC5195 /* ContentView.swift in Sources */ = {isa = PBXBuildFile; fileRef = B273F0EA2638922300FC5195 /* ContentView.swift */; };
		B273F0ED2638922700FC5195 /* Assets.xcassets in Resources */ = {isa = PBXBuildFile; fileRef = B273F0EC2638922700FC5195 /* Assets.xcassets */; };
		B273F0F02638922700FC5195 /* Preview Assets.xcassets in Resources */ = {isa = PBXBuildFile; fileRef = B273F0EF2638922700FC5195 /* Preview Assets.xcassets */; };
		B273F0F32638922700FC5195 /* LaunchScreen.storyboard in Resources */ = {isa = PBXBuildFile; fileRef = B273F0F12638922700FC5195 /* LaunchScreen.storyboard */; };
		B273F0FE2638922700FC5195 /* AuthorizationWithFirebaseTests.swift in Sources */ = {isa = PBXBuildFile; fileRef = B273F0FD2638922700FC5195 /* AuthorizationWithFirebaseTests.swift */; };
		B273F1092638922700FC5195 /* AuthorizationWithFirebaseUITests.swift in Sources */ = {isa = PBXBuildFile; fileRef = B273F1082638922700FC5195 /* AuthorizationWithFirebaseUITests.swift */; };
		B273F11A2638946600FC5195 /* GoogleService-Info.plist in Resources */ = {isa = PBXBuildFile; fileRef = B273F1192638946600FC5195 /* GoogleService-Info.plist */; };
		B273F137263919B100FC5195 /* SignIn.swift in Sources */ = {isa = PBXBuildFile; fileRef = B273F136263919B100FC5195 /* SignIn.swift */; };
		B273F140263919F600FC5195 /* Methods.swift in Sources */ = {isa = PBXBuildFile; fileRef = B273F13F263919F600FC5195 /* Methods.swift */; };
		B273F15726396BA200FC5195 /* SignUp.swift in Sources */ = {isa = PBXBuildFile; fileRef = B273F15626396BA200FC5195 /* SignUp.swift */; };
		B273F15C2639725A00FC5195 /* HomePage.swift in Sources */ = {isa = PBXBuildFile; fileRef = B273F15B2639725A00FC5195 /* HomePage.swift */; };
		CC5B2FD693E431AE00551D81 /* Pods_AuthorizationWithFirebase_AuthorizationWithFirebaseUITests.framework in Frameworks */ = {isa = PBXBuildFile; fileRef = E9FE1C7497FE4AA9AD07DDC2 /* Pods_AuthorizationWithFirebase_AuthorizationWithFirebaseUITests.framework */; };
/* End PBXBuildFile section */

/* Begin PBXContainerItemProxy section */
		B273F0FA2638922700FC5195 /* PBXContainerItemProxy */ = {
			isa = PBXContainerItemProxy;
			containerPortal = B273F0DB2638922300FC5195 /* Project object */;
			proxyType = 1;
			remoteGlobalIDString = B273F0E22638922300FC5195;
			remoteInfo = AuthorizationWithFirebase;
		};
		B273F1052638922700FC5195 /* PBXContainerItemProxy */ = {
			isa = PBXContainerItemProxy;
			containerPortal = B273F0DB2638922300FC5195 /* Project object */;
			proxyType = 1;
			remoteGlobalIDString = B273F0E22638922300FC5195;
			remoteInfo = AuthorizationWithFirebase;
		};
/* End PBXContainerItemProxy section */

/* Begin PBXFileReference section */
		169493E6FAB5AF972445108F /* Pods-AuthorizationWithFirebaseTests.release.xcconfig */ = {isa = PBXFileReference; includeInIndex = 1; lastKnownFileType = text.xcconfig; name = "Pods-AuthorizationWithFirebaseTests.release.xcconfig"; path = "Target Support Files/Pods-AuthorizationWithFirebaseTests/Pods-AuthorizationWithFirebaseTests.release.xcconfig"; sourceTree = "<group>"; };
		2C5594697D43D08760BB1398 /* Pods-AuthorizationWithFirebase.release.xcconfig */ = {isa = PBXFileReference; includeInIndex = 1; lastKnownFileType = text.xcconfig; name = "Pods-AuthorizationWithFirebase.release.xcconfig"; path = "Target Support Files/Pods-AuthorizationWithFirebase/Pods-AuthorizationWithFirebase.release.xcconfig"; sourceTree = "<group>"; };
		52F86B83777945AED2A521F3 /* Pods-AuthorizationWithFirebaseTests.debug.xcconfig */ = {isa = PBXFileReference; includeInIndex = 1; lastKnownFileType = text.xcconfig; name = "Pods-AuthorizationWithFirebaseTests.debug.xcconfig"; path = "Target Support Files/Pods-AuthorizationWithFirebaseTests/Pods-AuthorizationWithFirebaseTests.debug.xcconfig"; sourceTree = "<group>"; };
		8E498BF9FEF9B2910A9D7927 /* Pods-AuthorizationWithFirebase-AuthorizationWithFirebaseUITests.debug.xcconfig */ = {isa = PBXFileReference; includeInIndex = 1; lastKnownFileType = text.xcconfig; name = "Pods-AuthorizationWithFirebase-AuthorizationWithFirebaseUITests.debug.xcconfig"; path = "Target Support Files/Pods-AuthorizationWithFirebase-AuthorizationWithFirebaseUITests/Pods-AuthorizationWithFirebase-AuthorizationWithFirebaseUITests.debug.xcconfig"; sourceTree = "<group>"; };
		982E6708DDC273D4A63F9D20 /* Pods-AuthorizationWithFirebase.debug.xcconfig */ = {isa = PBXFileReference; includeInIndex = 1; lastKnownFileType = text.xcconfig; name = "Pods-AuthorizationWithFirebase.debug.xcconfig"; path = "Target Support Files/Pods-AuthorizationWithFirebase/Pods-AuthorizationWithFirebase.debug.xcconfig"; sourceTree = "<group>"; };
		9BAB2F29CF669C0DA766AF09 /* Pods_AuthorizationWithFirebase.framework */ = {isa = PBXFileReference; explicitFileType = wrapper.framework; includeInIndex = 0; path = Pods_AuthorizationWithFirebase.framework; sourceTree = BUILT_PRODUCTS_DIR; };
		A1882F100D16C132D9D08232 /* Pods-AuthorizationWithFirebase-AuthorizationWithFirebaseUITests.release.xcconfig */ = {isa = PBXFileReference; includeInIndex = 1; lastKnownFileType = text.xcconfig; name = "Pods-AuthorizationWithFirebase-AuthorizationWithFirebaseUITests.release.xcconfig"; path = "Target Support Files/Pods-AuthorizationWithFirebase-AuthorizationWithFirebaseUITests/Pods-AuthorizationWithFirebase-AuthorizationWithFirebaseUITests.release.xcconfig"; sourceTree = "<group>"; };
		B273F0E32638922300FC5195 /* AuthorizationWithFirebase.app */ = {isa = PBXFileReference; explicitFileType = wrapper.application; includeInIndex = 0; path = AuthorizationWithFirebase.app; sourceTree = BUILT_PRODUCTS_DIR; };
		B273F0E62638922300FC5195 /* AppDelegate.swift */ = {isa = PBXFileReference; lastKnownFileType = sourcecode.swift; path = AppDelegate.swift; sourceTree = "<group>"; };
		B273F0E82638922300FC5195 /* SceneDelegate.swift */ = {isa = PBXFileReference; lastKnownFileType = sourcecode.swift; path = SceneDelegate.swift; sourceTree = "<group>"; };
		B273F0EA2638922300FC5195 /* ContentView.swift */ = {isa = PBXFileReference; lastKnownFileType = sourcecode.swift; path = ContentView.swift; sourceTree = "<group>"; };
		B273F0EC2638922700FC5195 /* Assets.xcassets */ = {isa = PBXFileReference; lastKnownFileType = folder.assetcatalog; path = Assets.xcassets; sourceTree = "<group>"; };
		B273F0EF2638922700FC5195 /* Preview Assets.xcassets */ = {isa = PBXFileReference; lastKnownFileType = folder.assetcatalog; path = "Preview Assets.xcassets"; sourceTree = "<group>"; };
		B273F0F22638922700FC5195 /* Base */ = {isa = PBXFileReference; lastKnownFileType = file.storyboard; name = Base; path = Base.lproj/LaunchScreen.storyboard; sourceTree = "<group>"; };
		B273F0F42638922700FC5195 /* Info.plist */ = {isa = PBXFileReference; lastKnownFileType = text.plist.xml; path = Info.plist; sourceTree = "<group>"; };
		B273F0F92638922700FC5195 /* AuthorizationWithFirebaseTests.xctest */ = {isa = PBXFileReference; explicitFileType = wrapper.cfbundle; includeInIndex = 0; path = AuthorizationWithFirebaseTests.xctest; sourceTree = BUILT_PRODUCTS_DIR; };
		B273F0FD2638922700FC5195 /* AuthorizationWithFirebaseTests.swift */ = {isa = PBXFileReference; lastKnownFileType = sourcecode.swift; path = AuthorizationWithFirebaseTests.swift; sourceTree = "<group>"; };
		B273F0FF2638922700FC5195 /* Info.plist */ = {isa = PBXFileReference; lastKnownFileType = text.plist.xml; path = Info.plist; sourceTree = "<group>"; };
		B273F1042638922700FC5195 /* AuthorizationWithFirebaseUITests.xctest */ = {isa = PBXFileReference; explicitFileType = wrapper.cfbundle; includeInIndex = 0; path = AuthorizationWithFirebaseUITests.xctest; sourceTree = BUILT_PRODUCTS_DIR; };
		B273F1082638922700FC5195 /* AuthorizationWithFirebaseUITests.swift */ = {isa = PBXFileReference; lastKnownFileType = sourcecode.swift; path = AuthorizationWithFirebaseUITests.swift; sourceTree = "<group>"; };
		B273F10A2638922700FC5195 /* Info.plist */ = {isa = PBXFileReference; lastKnownFileType = text.plist.xml; path = Info.plist; sourceTree = "<group>"; };
		B273F1192638946600FC5195 /* GoogleService-Info.plist */ = {isa = PBXFileReference; fileEncoding = 4; lastKnownFileType = text.plist.xml; path = "GoogleService-Info.plist"; sourceTree = "<group>"; };
		B273F136263919B100FC5195 /* SignIn.swift */ = {isa = PBXFileReference; lastKnownFileType = sourcecode.swift; path = SignIn.swift; sourceTree = "<group>"; };
		B273F13F263919F600FC5195 /* Methods.swift */ = {isa = PBXFileReference; lastKnownFileType = sourcecode.swift; path = Methods.swift; sourceTree = "<group>"; };
		B273F15626396BA200FC5195 /* SignUp.swift */ = {isa = PBXFileReference; lastKnownFileType = sourcecode.swift; path = SignUp.swift; sourceTree = "<group>"; };
		B273F15B2639725A00FC5195 /* HomePage.swift */ = {isa = PBXFileReference; lastKnownFileType = sourcecode.swift; path = HomePage.swift; sourceTree = "<group>"; };
		D9108140DA2C6CE760C9BFB9 /* Pods_AuthorizationWithFirebaseTests.framework */ = {isa = PBXFileReference; explicitFileType = wrapper.framework; includeInIndex = 0; path = Pods_AuthorizationWithFirebaseTests.framework; sourceTree = BUILT_PRODUCTS_DIR; };
		E9FE1C7497FE4AA9AD07DDC2 /* Pods_AuthorizationWithFirebase_AuthorizationWithFirebaseUITests.framework */ = {isa = PBXFileReference; explicitFileType = wrapper.framework; includeInIndex = 0; path = Pods_AuthorizationWithFirebase_AuthorizationWithFirebaseUITests.framework; sourceTree = BUILT_PRODUCTS_DIR; };
/* End PBXFileReference section */

/* Begin PBXFrameworksBuildPhase section */
		B273F0E02638922300FC5195 /* Frameworks */ = {
			isa = PBXFrameworksBuildPhase;
			buildActionMask = 2147483647;
			files = (
				73E4245821194607924C21DD /* Pods_AuthorizationWithFirebase.framework in Frameworks */,
			);
			runOnlyForDeploymentPostprocessing = 0;
		};
		B273F0F62638922700FC5195 /* Frameworks */ = {
			isa = PBXFrameworksBuildPhase;
			buildActionMask = 2147483647;
			files = (
				5A14FAEAAFC8342E6BDD7207 /* Pods_AuthorizationWithFirebaseTests.framework in Frameworks */,
			);
			runOnlyForDeploymentPostprocessing = 0;
		};
		B273F1012638922700FC5195 /* Frameworks */ = {
			isa = PBXFrameworksBuildPhase;
			buildActionMask = 2147483647;
			files = (
				CC5B2FD693E431AE00551D81 /* Pods_AuthorizationWithFirebase_AuthorizationWithFirebaseUITests.framework in Frameworks */,
			);
			runOnlyForDeploymentPostprocessing = 0;
		};
/* End PBXFrameworksBuildPhase section */

/* Begin PBXGroup section */
		B273F0DA2638922300FC5195 = {
			isa = PBXGroup;
			children = (
				B273F0E52638922300FC5195 /* AuthorizationWithFirebase */,
				B273F0FC2638922700FC5195 /* AuthorizationWithFirebaseTests */,
				B273F1072638922700FC5195 /* AuthorizationWithFirebaseUITests */,
				B273F0E42638922300FC5195 /* Products */,
				EF23CE03A0F199165D0A0A68 /* Pods */,
				F199D45E8E51A5F21774D12D /* Frameworks */,
			);
			sourceTree = "<group>";
		};
		B273F0E42638922300FC5195 /* Products */ = {
			isa = PBXGroup;
			children = (
				B273F0E32638922300FC5195 /* AuthorizationWithFirebase.app */,
				B273F0F92638922700FC5195 /* AuthorizationWithFirebaseTests.xctest */,
				B273F1042638922700FC5195 /* AuthorizationWithFirebaseUITests.xctest */,
			);
			name = Products;
			sourceTree = "<group>";
		};
		B273F0E52638922300FC5195 /* AuthorizationWithFirebase */ = {
			isa = PBXGroup;
			children = (
				B273F0E62638922300FC5195 /* AppDelegate.swift */,
				B273F0E82638922300FC5195 /* SceneDelegate.swift */,
				B273F0EA2638922300FC5195 /* ContentView.swift */,
				B273F135263919A000FC5195 /* View */,
				B273F13E263919DD00FC5195 /* Methods */,
				B273F0EC2638922700FC5195 /* Assets.xcassets */,
				B273F0F12638922700FC5195 /* LaunchScreen.storyboard */,
				B273F0F42638922700FC5195 /* Info.plist */,
				B273F1192638946600FC5195 /* GoogleService-Info.plist */,
				B273F0EE2638922700FC5195 /* Preview Content */,
			);
			path = AuthorizationWithFirebase;
			sourceTree = "<group>";
		};
		B273F0EE2638922700FC5195 /* Preview Content */ = {
			isa = PBXGroup;
			children = (
				B273F0EF2638922700FC5195 /* Preview Assets.xcassets */,
			);
			path = "Preview Content";
			sourceTree = "<group>";
		};
		B273F0FC2638922700FC5195 /* AuthorizationWithFirebaseTests */ = {
			isa = PBXGroup;
			children = (
				B273F0FD2638922700FC5195 /* AuthorizationWithFirebaseTests.swift */,
				B273F0FF2638922700FC5195 /* Info.plist */,
			);
			path = AuthorizationWithFirebaseTests;
			sourceTree = "<group>";
		};
		B273F1072638922700FC5195 /* AuthorizationWithFirebaseUITests */ = {
			isa = PBXGroup;
			children = (
				B273F1082638922700FC5195 /* AuthorizationWithFirebaseUITests.swift */,
				B273F10A2638922700FC5195 /* Info.plist */,
			);
			path = AuthorizationWithFirebaseUITests;
			sourceTree = "<group>";
		};
		B273F135263919A000FC5195 /* View */ = {
			isa = PBXGroup;
			children = (
				B273F136263919B100FC5195 /* SignIn.swift */,
				B273F15626396BA200FC5195 /* SignUp.swift */,
				B273F15B2639725A00FC5195 /* HomePage.swift */,
			);
			path = View;
			sourceTree = "<group>";
		};
		B273F13E263919DD00FC5195 /* Methods */ = {
			isa = PBXGroup;
			children = (
				B273F13F263919F600FC5195 /* Methods.swift */,
			);
			path = Methods;
			sourceTree = "<group>";
		};
		EF23CE03A0F199165D0A0A68 /* Pods */ = {
			isa = PBXGroup;
			children = (
				982E6708DDC273D4A63F9D20 /* Pods-AuthorizationWithFirebase.debug.xcconfig */,
				2C5594697D43D08760BB1398 /* Pods-AuthorizationWithFirebase.release.xcconfig */,
				8E498BF9FEF9B2910A9D7927 /* Pods-AuthorizationWithFirebase-AuthorizationWithFirebaseUITests.debug.xcconfig */,
				A1882F100D16C132D9D08232 /* Pods-AuthorizationWithFirebase-AuthorizationWithFirebaseUITests.release.xcconfig */,
				52F86B83777945AED2A521F3 /* Pods-AuthorizationWithFirebaseTests.debug.xcconfig */,
				169493E6FAB5AF972445108F /* Pods-AuthorizationWithFirebaseTests.release.xcconfig */,
			);
			path = Pods;
			sourceTree = "<group>";
		};
		F199D45E8E51A5F21774D12D /* Frameworks */ = {
			isa = PBXGroup;
			children = (
				9BAB2F29CF669C0DA766AF09 /* Pods_AuthorizationWithFirebase.framework */,
				E9FE1C7497FE4AA9AD07DDC2 /* Pods_AuthorizationWithFirebase_AuthorizationWithFirebaseUITests.framework */,
				D9108140DA2C6CE760C9BFB9 /* Pods_AuthorizationWithFirebaseTests.framework */,
			);
			name = Frameworks;
			sourceTree = "<group>";
		};
/* End PBXGroup section */

/* Begin PBXNativeTarget section */
		B273F0E22638922300FC5195 /* AuthorizationWithFirebase */ = {
			isa = PBXNativeTarget;
			buildConfigurationList = B273F10D2638922700FC5195 /* Build configuration list for PBXNativeTarget "AuthorizationWithFirebase" */;
			buildPhases = (
				FC27C77F86E144B357032AA0 /* [CP] Check Pods Manifest.lock */,
				B273F0DF2638922300FC5195 /* Sources */,
				B273F0E02638922300FC5195 /* Frameworks */,
				B273F0E12638922300FC5195 /* Resources */,
				8F4A2D4C865238BE0B4D7C50 /* [CP] Embed Pods Frameworks */,
			);
			buildRules = (
			);
			dependencies = (
			);
			name = AuthorizationWithFirebase;
			productName = AuthorizationWithFirebase;
			productReference = B273F0E32638922300FC5195 /* AuthorizationWithFirebase.app */;
			productType = "com.apple.product-type.application";
		};
		B273F0F82638922700FC5195 /* AuthorizationWithFirebaseTests */ = {
			isa = PBXNativeTarget;
			buildConfigurationList = B273F1102638922700FC5195 /* Build configuration list for PBXNativeTarget "AuthorizationWithFirebaseTests" */;
			buildPhases = (
				798840BB0D03AF716B56AA8B /* [CP] Check Pods Manifest.lock */,
				B273F0F52638922700FC5195 /* Sources */,
				B273F0F62638922700FC5195 /* Frameworks */,
				B273F0F72638922700FC5195 /* Resources */,
			);
			buildRules = (
			);
			dependencies = (
				B273F0FB2638922700FC5195 /* PBXTargetDependency */,
			);
			name = AuthorizationWithFirebaseTests;
			productName = AuthorizationWithFirebaseTests;
			productReference = B273F0F92638922700FC5195 /* AuthorizationWithFirebaseTests.xctest */;
			productType = "com.apple.product-type.bundle.unit-test";
		};
		B273F1032638922700FC5195 /* AuthorizationWithFirebaseUITests */ = {
			isa = PBXNativeTarget;
			buildConfigurationList = B273F1132638922700FC5195 /* Build configuration list for PBXNativeTarget "AuthorizationWithFirebaseUITests" */;
			buildPhases = (
				79948F099F07C6E7C2AE6F24 /* [CP] Check Pods Manifest.lock */,
				B273F1002638922700FC5195 /* Sources */,
				B273F1012638922700FC5195 /* Frameworks */,
				B273F1022638922700FC5195 /* Resources */,
				A8C6B724660B518911B1FB38 /* [CP] Embed Pods Frameworks */,
			);
			buildRules = (
			);
			dependencies = (
				B273F1062638922700FC5195 /* PBXTargetDependency */,
			);
			name = AuthorizationWithFirebaseUITests;
			productName = AuthorizationWithFirebaseUITests;
			productReference = B273F1042638922700FC5195 /* AuthorizationWithFirebaseUITests.xctest */;
			productType = "com.apple.product-type.bundle.ui-testing";
		};
/* End PBXNativeTarget section */

/* Begin PBXProject section */
		B273F0DB2638922300FC5195 /* Project object */ = {
			isa = PBXProject;
			attributes = {
				LastSwiftUpdateCheck = 1240;
				LastUpgradeCheck = 1240;
				TargetAttributes = {
					B273F0E22638922300FC5195 = {
						CreatedOnToolsVersion = 12.4;
					};
					B273F0F82638922700FC5195 = {
						CreatedOnToolsVersion = 12.4;
						TestTargetID = B273F0E22638922300FC5195;
					};
					B273F1032638922700FC5195 = {
						CreatedOnToolsVersion = 12.4;
						TestTargetID = B273F0E22638922300FC5195;
					};
				};
			};
			buildConfigurationList = B273F0DE2638922300FC5195 /* Build configuration list for PBXProject "AuthorizationWithFirebase" */;
			compatibilityVersion = "Xcode 9.3";
			developmentRegion = en;
			hasScannedForEncodings = 0;
			knownRegions = (
				en,
				Base,
			);
			mainGroup = B273F0DA2638922300FC5195;
			productRefGroup = B273F0E42638922300FC5195 /* Products */;
			projectDirPath = "";
			projectRoot = "";
			targets = (
				B273F0E22638922300FC5195 /* AuthorizationWithFirebase */,
				B273F0F82638922700FC5195 /* AuthorizationWithFirebaseTests */,
				B273F1032638922700FC5195 /* AuthorizationWithFirebaseUITests */,
			);
		};
/* End PBXProject section */

/* Begin PBXResourcesBuildPhase section */
		B273F0E12638922300FC5195 /* Resources */ = {
			isa = PBXResourcesBuildPhase;
			buildActionMask = 2147483647;
			files = (
				B273F0F32638922700FC5195 /* LaunchScreen.storyboard in Resources */,
				B273F11A2638946600FC5195 /* GoogleService-Info.plist in Resources */,
				B273F0F02638922700FC5195 /* Preview Assets.xcassets in Resources */,
				B273F0ED2638922700FC5195 /* Assets.xcassets in Resources */,
			);
			runOnlyForDeploymentPostprocessing = 0;
		};
		B273F0F72638922700FC5195 /* Resources */ = {
			isa = PBXResourcesBuildPhase;
			buildActionMask = 2147483647;
			files = (
			);
			runOnlyForDeploymentPostprocessing = 0;
		};
		B273F1022638922700FC5195 /* Resources */ = {
			isa = PBXResourcesBuildPhase;
			buildActionMask = 2147483647;
			files = (
			);
			runOnlyForDeploymentPostprocessing = 0;
		};
/* End PBXResourcesBuildPhase section */

/* Begin PBXShellScriptBuildPhase section */
		798840BB0D03AF716B56AA8B /* [CP] Check Pods Manifest.lock */ = {
			isa = PBXShellScriptBuildPhase;
			buildActionMask = 2147483647;
			files = (
			);
			inputFileListPaths = (
			);
			inputPaths = (
				"${PODS_PODFILE_DIR_PATH}/Podfile.lock",
				"${PODS_ROOT}/Manifest.lock",
			);
			name = "[CP] Check Pods Manifest.lock";
			outputFileListPaths = (
			);
			outputPaths = (
				"$(DERIVED_FILE_DIR)/Pods-AuthorizationWithFirebaseTests-checkManifestLockResult.txt",
			);
			runOnlyForDeploymentPostprocessing = 0;
			shellPath = /bin/sh;
			shellScript = "diff \"${PODS_PODFILE_DIR_PATH}/Podfile.lock\" \"${PODS_ROOT}/Manifest.lock\" > /dev/null\nif [ $? != 0 ] ; then\n    # print error to STDERR\n    echo \"error: The sandbox is not in sync with the Podfile.lock. Run 'pod install' or update your CocoaPods installation.\" >&2\n    exit 1\nfi\n# This output is used by Xcode 'outputs' to avoid re-running this script phase.\necho \"SUCCESS\" > \"${SCRIPT_OUTPUT_FILE_0}\"\n";
			showEnvVarsInLog = 0;
		};
		79948F099F07C6E7C2AE6F24 /* [CP] Check Pods Manifest.lock */ = {
			isa = PBXShellScriptBuildPhase;
			buildActionMask = 2147483647;
			files = (
			);
			inputFileListPaths = (
			);
			inputPaths = (
				"${PODS_PODFILE_DIR_PATH}/Podfile.lock",
				"${PODS_ROOT}/Manifest.lock",
			);
			name = "[CP] Check Pods Manifest.lock";
			outputFileListPaths = (
			);
			outputPaths = (
				"$(DERIVED_FILE_DIR)/Pods-AuthorizationWithFirebase-AuthorizationWithFirebaseUITests-checkManifestLockResult.txt",
			);
			runOnlyForDeploymentPostprocessing = 0;
			shellPath = /bin/sh;
			shellScript = "diff \"${PODS_PODFILE_DIR_PATH}/Podfile.lock\" \"${PODS_ROOT}/Manifest.lock\" > /dev/null\nif [ $? != 0 ] ; then\n    # print error to STDERR\n    echo \"error: The sandbox is not in sync with the Podfile.lock. Run 'pod install' or update your CocoaPods installation.\" >&2\n    exit 1\nfi\n# This output is used by Xcode 'outputs' to avoid re-running this script phase.\necho \"SUCCESS\" > \"${SCRIPT_OUTPUT_FILE_0}\"\n";
			showEnvVarsInLog = 0;
		};
		8F4A2D4C865238BE0B4D7C50 /* [CP] Embed Pods Frameworks */ = {
			isa = PBXShellScriptBuildPhase;
			buildActionMask = 2147483647;
			files = (
			);
			inputFileListPaths = (
				"${PODS_ROOT}/Target Support Files/Pods-AuthorizationWithFirebase/Pods-AuthorizationWithFirebase-frameworks-${CONFIGURATION}-input-files.xcfilelist",
			);
			name = "[CP] Embed Pods Frameworks";
			outputFileListPaths = (
				"${PODS_ROOT}/Target Support Files/Pods-AuthorizationWithFirebase/Pods-AuthorizationWithFirebase-frameworks-${CONFIGURATION}-output-files.xcfilelist",
			);
			runOnlyForDeploymentPostprocessing = 0;
			shellPath = /bin/sh;
			shellScript = "\"${PODS_ROOT}/Target Support Files/Pods-AuthorizationWithFirebase/Pods-AuthorizationWithFirebase-frameworks.sh\"\n";
			showEnvVarsInLog = 0;
		};
		A8C6B724660B518911B1FB38 /* [CP] Embed Pods Frameworks */ = {
			isa = PBXShellScriptBuildPhase;
			buildActionMask = 2147483647;
			files = (
			);
			inputFileListPaths = (
				"${PODS_ROOT}/Target Support Files/Pods-AuthorizationWithFirebase-AuthorizationWithFirebaseUITests/Pods-AuthorizationWithFirebase-AuthorizationWithFirebaseUITests-frameworks-${CONFIGURATION}-input-files.xcfilelist",
			);
			name = "[CP] Embed Pods Frameworks";
			outputFileListPaths = (
				"${PODS_ROOT}/Target Support Files/Pods-AuthorizationWithFirebase-AuthorizationWithFirebaseUITests/Pods-AuthorizationWithFirebase-AuthorizationWithFirebaseUITests-frameworks-${CONFIGURATION}-output-files.xcfilelist",
			);
			runOnlyForDeploymentPostprocessing = 0;
			shellPath = /bin/sh;
			shellScript = "\"${PODS_ROOT}/Target Support Files/Pods-AuthorizationWithFirebase-AuthorizationWithFirebaseUITests/Pods-AuthorizationWithFirebase-AuthorizationWithFirebaseUITests-frameworks.sh\"\n";
			showEnvVarsInLog = 0;
		};
		FC27C77F86E144B357032AA0 /* [CP] Check Pods Manifest.lock */ = {
			isa = PBXShellScriptBuildPhase;
			buildActionMask = 2147483647;
			files = (
			);
			inputFileListPaths = (
			);
			inputPaths = (
				"${PODS_PODFILE_DIR_PATH}/Podfile.lock",
				"${PODS_ROOT}/Manifest.lock",
			);
			name = "[CP] Check Pods Manifest.lock";
			outputFileListPaths = (
			);
			outputPaths = (
				"$(DERIVED_FILE_DIR)/Pods-AuthorizationWithFirebase-checkManifestLockResult.txt",
			);
			runOnlyForDeploymentPostprocessing = 0;
			shellPath = /bin/sh;
			shellScript = "diff \"${PODS_PODFILE_DIR_PATH}/Podfile.lock\" \"${PODS_ROOT}/Manifest.lock\" > /dev/null\nif [ $? != 0 ] ; then\n    # print error to STDERR\n    echo \"error: The sandbox is not in sync with the Podfile.lock. Run 'pod install' or update your CocoaPods installation.\" >&2\n    exit 1\nfi\n# This output is used by Xcode 'outputs' to avoid re-running this script phase.\necho \"SUCCESS\" > \"${SCRIPT_OUTPUT_FILE_0}\"\n";
			showEnvVarsInLog = 0;
		};
/* End PBXShellScriptBuildPhase section */

/* Begin PBXSourcesBuildPhase section */
		B273F0DF2638922300FC5195 /* Sources */ = {
			isa = PBXSourcesBuildPhase;
			buildActionMask = 2147483647;
			files = (
				B273F0E72638922300FC5195 /* AppDelegate.swift in Sources */,
				B273F15726396BA200FC5195 /* SignUp.swift in Sources */,
				B273F0E92638922300FC5195 /* SceneDelegate.swift in Sources */,
				B273F0EB2638922300FC5195 /* ContentView.swift in Sources */,
				B273F140263919F600FC5195 /* Methods.swift in Sources */,
				B273F15C2639725A00FC5195 /* HomePage.swift in Sources */,
				B273F137263919B100FC5195 /* SignIn.swift in Sources */,
			);
			runOnlyForDeploymentPostprocessing = 0;
		};
		B273F0F52638922700FC5195 /* Sources */ = {
			isa = PBXSourcesBuildPhase;
			buildActionMask = 2147483647;
			files = (
				B273F0FE2638922700FC5195 /* AuthorizationWithFirebaseTests.swift in Sources */,
			);
			runOnlyForDeploymentPostprocessing = 0;
		};
		B273F1002638922700FC5195 /* Sources */ = {
			isa = PBXSourcesBuildPhase;
			buildActionMask = 2147483647;
			files = (
				B273F1092638922700FC5195 /* AuthorizationWithFirebaseUITests.swift in Sources */,
			);
			runOnlyForDeploymentPostprocessing = 0;
		};
/* End PBXSourcesBuildPhase section */

/* Begin PBXTargetDependency section */
		B273F0FB2638922700FC5195 /* PBXTargetDependency */ = {
			isa = PBXTargetDependency;
			target = B273F0E22638922300FC5195 /* AuthorizationWithFirebase */;
			targetProxy = B273F0FA2638922700FC5195 /* PBXContainerItemProxy */;
		};
		B273F1062638922700FC5195 /* PBXTargetDependency */ = {
			isa = PBXTargetDependency;
			target = B273F0E22638922300FC5195 /* AuthorizationWithFirebase */;
			targetProxy = B273F1052638922700FC5195 /* PBXContainerItemProxy */;
		};
/* End PBXTargetDependency section */

/* Begin PBXVariantGroup section */
		B273F0F12638922700FC5195 /* LaunchScreen.storyboard */ = {
			isa = PBXVariantGroup;
			children = (
				B273F0F22638922700FC5195 /* Base */,
			);
			name = LaunchScreen.storyboard;
			sourceTree = "<group>";
		};
/* End PBXVariantGroup section */

/* Begin XCBuildConfiguration section */
		B273F10B2638922700FC5195 /* Debug */ = {
			isa = XCBuildConfiguration;
			buildSettings = {
				ALWAYS_SEARCH_USER_PATHS = NO;
				CLANG_ANALYZER_NONNULL = YES;
				CLANG_ANALYZER_NUMBER_OBJECT_CONVERSION = YES_AGGRESSIVE;
				CLANG_CXX_LANGUAGE_STANDARD = "gnu++14";
				CLANG_CXX_LIBRARY = "libc++";
				CLANG_ENABLE_MODULES = YES;
				CLANG_ENABLE_OBJC_ARC = YES;
				CLANG_ENABLE_OBJC_WEAK = YES;
				CLANG_WARN_BLOCK_CAPTURE_AUTORELEASING = YES;
				CLANG_WARN_BOOL_CONVERSION = YES;
				CLANG_WARN_COMMA = YES;
				CLANG_WARN_CONSTANT_CONVERSION = YES;
				CLANG_WARN_DEPRECATED_OBJC_IMPLEMENTATIONS = YES;
				CLANG_WARN_DIRECT_OBJC_ISA_USAGE = YES_ERROR;
				CLANG_WARN_DOCUMENTATION_COMMENTS = YES;
				CLANG_WARN_EMPTY_BODY = YES;
				CLANG_WARN_ENUM_CONVERSION = YES;
				CLANG_WARN_INFINITE_RECURSION = YES;
				CLANG_WARN_INT_CONVERSION = YES;
				CLANG_WARN_NON_LITERAL_NULL_CONVERSION = YES;
				CLANG_WARN_OBJC_IMPLICIT_RETAIN_SELF = YES;
				CLANG_WARN_OBJC_LITERAL_CONVERSION = YES;
				CLANG_WARN_OBJC_ROOT_CLASS = YES_ERROR;
				CLANG_WARN_QUOTED_INCLUDE_IN_FRAMEWORK_HEADER = YES;
				CLANG_WARN_RANGE_LOOP_ANALYSIS = YES;
				CLANG_WARN_STRICT_PROTOTYPES = YES;
				CLANG_WARN_SUSPICIOUS_MOVE = YES;
				CLANG_WARN_UNGUARDED_AVAILABILITY = YES_AGGRESSIVE;
				CLANG_WARN_UNREACHABLE_CODE = YES;
				CLANG_WARN__DUPLICATE_METHOD_MATCH = YES;
				COPY_PHASE_STRIP = NO;
				DEBUG_INFORMATION_FORMAT = dwarf;
				ENABLE_STRICT_OBJC_MSGSEND = YES;
				ENABLE_TESTABILITY = YES;
				GCC_C_LANGUAGE_STANDARD = gnu11;
				GCC_DYNAMIC_NO_PIC = NO;
				GCC_NO_COMMON_BLOCKS = YES;
				GCC_OPTIMIZATION_LEVEL = 0;
				GCC_PREPROCESSOR_DEFINITIONS = (
					"DEBUG=1",
					"$(inherited)",
				);
				GCC_WARN_64_TO_32_BIT_CONVERSION = YES;
				GCC_WARN_ABOUT_RETURN_TYPE = YES_ERROR;
				GCC_WARN_UNDECLARED_SELECTOR = YES;
				GCC_WARN_UNINITIALIZED_AUTOS = YES_AGGRESSIVE;
				GCC_WARN_UNUSED_FUNCTION = YES;
				GCC_WARN_UNUSED_VARIABLE = YES;
				IPHONEOS_DEPLOYMENT_TARGET = 14.4;
				MTL_ENABLE_DEBUG_INFO = INCLUDE_SOURCE;
				MTL_FAST_MATH = YES;
				ONLY_ACTIVE_ARCH = YES;
				SDKROOT = iphoneos;
				SWIFT_ACTIVE_COMPILATION_CONDITIONS = DEBUG;
				SWIFT_OPTIMIZATION_LEVEL = "-Onone";
			};
			name = Debug;
		};
		B273F10C2638922700FC5195 /* Release */ = {
			isa = XCBuildConfiguration;
			buildSettings = {
				ALWAYS_SEARCH_USER_PATHS = NO;
				CLANG_ANALYZER_NONNULL = YES;
				CLANG_ANALYZER_NUMBER_OBJECT_CONVERSION = YES_AGGRESSIVE;
				CLANG_CXX_LANGUAGE_STANDARD = "gnu++14";
				CLANG_CXX_LIBRARY = "libc++";
				CLANG_ENABLE_MODULES = YES;
				CLANG_ENABLE_OBJC_ARC = YES;
				CLANG_ENABLE_OBJC_WEAK = YES;
				CLANG_WARN_BLOCK_CAPTURE_AUTORELEASING = YES;
				CLANG_WARN_BOOL_CONVERSION = YES;
				CLANG_WARN_COMMA = YES;
				CLANG_WARN_CONSTANT_CONVERSION = YES;
				CLANG_WARN_DEPRECATED_OBJC_IMPLEMENTATIONS = YES;
				CLANG_WARN_DIRECT_OBJC_ISA_USAGE = YES_ERROR;
				CLANG_WARN_DOCUMENTATION_COMMENTS = YES;
				CLANG_WARN_EMPTY_BODY = YES;
				CLANG_WARN_ENUM_CONVERSION = YES;
				CLANG_WARN_INFINITE_RECURSION = YES;
				CLANG_WARN_INT_CONVERSION = YES;
				CLANG_WARN_NON_LITERAL_NULL_CONVERSION = YES;
				CLANG_WARN_OBJC_IMPLICIT_RETAIN_SELF = YES;
				CLANG_WARN_OBJC_LITERAL_CONVERSION = YES;
				CLANG_WARN_OBJC_ROOT_CLASS = YES_ERROR;
				CLANG_WARN_QUOTED_INCLUDE_IN_FRAMEWORK_HEADER = YES;
				CLANG_WARN_RANGE_LOOP_ANALYSIS = YES;
				CLANG_WARN_STRICT_PROTOTYPES = YES;
				CLANG_WARN_SUSPICIOUS_MOVE = YES;
				CLANG_WARN_UNGUARDED_AVAILABILITY = YES_AGGRESSIVE;
				CLANG_WARN_UNREACHABLE_CODE = YES;
				CLANG_WARN__DUPLICATE_METHOD_MATCH = YES;
				COPY_PHASE_STRIP = NO;
				DEBUG_INFORMATION_FORMAT = "dwarf-with-dsym";
				ENABLE_NS_ASSERTIONS = NO;
				ENABLE_STRICT_OBJC_MSGSEND = YES;
				GCC_C_LANGUAGE_STANDARD = gnu11;
				GCC_NO_COMMON_BLOCKS = YES;
				GCC_WARN_64_TO_32_BIT_CONVERSION = YES;
				GCC_WARN_ABOUT_RETURN_TYPE = YES_ERROR;
				GCC_WARN_UNDECLARED_SELECTOR = YES;
				GCC_WARN_UNINITIALIZED_AUTOS = YES_AGGRESSIVE;
				GCC_WARN_UNUSED_FUNCTION = YES;
				GCC_WARN_UNUSED_VARIABLE = YES;
				IPHONEOS_DEPLOYMENT_TARGET = 14.4;
				MTL_ENABLE_DEBUG_INFO = NO;
				MTL_FAST_MATH = YES;
				SDKROOT = iphoneos;
				SWIFT_COMPILATION_MODE = wholemodule;
				SWIFT_OPTIMIZATION_LEVEL = "-O";
				VALIDATE_PRODUCT = YES;
			};
			name = Release;
		};
		B273F10E2638922700FC5195 /* Debug */ = {
			isa = XCBuildConfiguration;
			baseConfigurationReference = 982E6708DDC273D4A63F9D20 /* Pods-AuthorizationWithFirebase.debug.xcconfig */;
			buildSettings = {
				ASSETCATALOG_COMPILER_APPICON_NAME = AppIcon;
				ASSETCATALOG_COMPILER_GLOBAL_ACCENT_COLOR_NAME = AccentColor;
				CODE_SIGN_STYLE = Automatic;
				DEVELOPMENT_ASSET_PATHS = "\"AuthorizationWithFirebase/Preview Content\"";
				DEVELOPMENT_TEAM = 5NYFDM88FB;
				ENABLE_PREVIEWS = YES;
				INFOPLIST_FILE = AuthorizationWithFirebase/Info.plist;
				LD_RUNPATH_SEARCH_PATHS = (
					"$(inherited)",
					"@executable_path/Frameworks",
				);
				PRODUCT_BUNDLE_IDENTIFIER = Milez.org.ru.AuthorizationWithFirebase;
				PRODUCT_NAME = "$(TARGET_NAME)";
				SWIFT_VERSION = 5.0;
				TARGETED_DEVICE_FAMILY = "1,2";
			};
			name = Debug;
		};
		B273F10F2638922700FC5195 /* Release */ = {
			isa = XCBuildConfiguration;
			baseConfigurationReference = 2C5594697D43D08760BB1398 /* Pods-AuthorizationWithFirebase.release.xcconfig */;
			buildSettings = {
				ASSETCATALOG_COMPILER_APPICON_NAME = AppIcon;
				ASSETCATALOG_COMPILER_GLOBAL_ACCENT_COLOR_NAME = AccentColor;
				CODE_SIGN_STYLE = Automatic;
				DEVELOPMENT_ASSET_PATHS = "\"AuthorizationWithFirebase/Preview Content\"";
				DEVELOPMENT_TEAM = 5NYFDM88FB;
				ENABLE_PREVIEWS = YES;
				INFOPLIST_FILE = AuthorizationWithFirebase/Info.plist;
				LD_RUNPATH_SEARCH_PATHS = (
					"$(inherited)",
					"@executable_path/Frameworks",
				);
				PRODUCT_BUNDLE_IDENTIFIER = Milez.org.ru.AuthorizationWithFirebase;
				PRODUCT_NAME = "$(TARGET_NAME)";
				SWIFT_VERSION = 5.0;
				TARGETED_DEVICE_FAMILY = "1,2";
			};
			name = Release;
		};
		B273F1112638922700FC5195 /* Debug */ = {
			isa = XCBuildConfiguration;
			baseConfigurationReference = 52F86B83777945AED2A521F3 /* Pods-AuthorizationWithFirebaseTests.debug.xcconfig */;
			buildSettings = {
				ALWAYS_EMBED_SWIFT_STANDARD_LIBRARIES = YES;
				BUNDLE_LOADER = "$(TEST_HOST)";
				CODE_SIGN_STYLE = Automatic;
				DEVELOPMENT_TEAM = 5NYFDM88FB;
				INFOPLIST_FILE = AuthorizationWithFirebaseTests/Info.plist;
				IPHONEOS_DEPLOYMENT_TARGET = 14.4;
				LD_RUNPATH_SEARCH_PATHS = (
					"$(inherited)",
					"@executable_path/Frameworks",
					"@loader_path/Frameworks",
				);
				PRODUCT_BUNDLE_IDENTIFIER = Milez.org.ru.AuthorizationWithFirebaseTests;
				PRODUCT_NAME = "$(TARGET_NAME)";
				SWIFT_VERSION = 5.0;
				TARGETED_DEVICE_FAMILY = "1,2";
				TEST_HOST = "$(BUILT_PRODUCTS_DIR)/AuthorizationWithFirebase.app/AuthorizationWithFirebase";
			};
			name = Debug;
		};
		B273F1122638922700FC5195 /* Release */ = {
			isa = XCBuildConfiguration;
			baseConfigurationReference = 169493E6FAB5AF972445108F /* Pods-AuthorizationWithFirebaseTests.release.xcconfig */;
			buildSettings = {
				ALWAYS_EMBED_SWIFT_STANDARD_LIBRARIES = YES;
				BUNDLE_LOADER = "$(TEST_HOST)";
				CODE_SIGN_STYLE = Automatic;
				DEVELOPMENT_TEAM = 5NYFDM88FB;
				INFOPLIST_FILE = AuthorizationWithFirebaseTests/Info.plist;
				IPHONEOS_DEPLOYMENT_TARGET = 14.4;
				LD_RUNPATH_SEARCH_PATHS = (
					"$(inherited)",
					"@executable_path/Frameworks",
					"@loader_path/Frameworks",
				);
				PRODUCT_BUNDLE_IDENTIFIER = Milez.org.ru.AuthorizationWithFirebaseTests;
				PRODUCT_NAME = "$(TARGET_NAME)";
				SWIFT_VERSION = 5.0;
				TARGETED_DEVICE_FAMILY = "1,2";
				TEST_HOST = "$(BUILT_PRODUCTS_DIR)/AuthorizationWithFirebase.app/AuthorizationWithFirebase";
			};
			name = Release;
		};
		B273F1142638922700FC5195 /* Debug */ = {
			isa = XCBuildConfiguration;
			baseConfigurationReference = 8E498BF9FEF9B2910A9D7927 /* Pods-AuthorizationWithFirebase-AuthorizationWithFirebaseUITests.debug.xcconfig */;
			buildSettings = {
				ALWAYS_EMBED_SWIFT_STANDARD_LIBRARIES = YES;
				CODE_SIGN_STYLE = Automatic;
				DEVELOPMENT_TEAM = 5NYFDM88FB;
				INFOPLIST_FILE = AuthorizationWithFirebaseUITests/Info.plist;
				LD_RUNPATH_SEARCH_PATHS = (
					"$(inherited)",
					"@executable_path/Frameworks",
					"@loader_path/Frameworks",
				);
				PRODUCT_BUNDLE_IDENTIFIER = Milez.org.ru.AuthorizationWithFirebaseUITests;
				PRODUCT_NAME = "$(TARGET_NAME)";
				SWIFT_VERSION = 5.0;
				TARGETED_DEVICE_FAMILY = "1,2";
				TEST_TARGET_NAME = AuthorizationWithFirebase;
			};
			name = Debug;
		};
		B273F1152638922700FC5195 /* Release */ = {
			isa = XCBuildConfiguration;
			baseConfigurationReference = A1882F100D16C132D9D08232 /* Pods-AuthorizationWithFirebase-AuthorizationWithFirebaseUITests.release.xcconfig */;
			buildSettings = {
				ALWAYS_EMBED_SWIFT_STANDARD_LIBRARIES = YES;
				CODE_SIGN_STYLE = Automatic;
				DEVELOPMENT_TEAM = 5NYFDM88FB;
				INFOPLIST_FILE = AuthorizationWithFirebaseUITests/Info.plist;
				LD_RUNPATH_SEARCH_PATHS = (
					"$(inherited)",
					"@executable_path/Frameworks",
					"@loader_path/Frameworks",
				);
				PRODUCT_BUNDLE_IDENTIFIER = Milez.org.ru.AuthorizationWithFirebaseUITests;
				PRODUCT_NAME = "$(TARGET_NAME)";
				SWIFT_VERSION = 5.0;
				TARGETED_DEVICE_FAMILY = "1,2";
				TEST_TARGET_NAME = AuthorizationWithFirebase;
			};
			name = Release;
		};
/* End XCBuildConfiguration section */

/* Begin XCConfigurationList section */
		B273F0DE2638922300FC5195 /* Build configuration list for PBXProject "AuthorizationWithFirebase" */ = {
			isa = XCConfigurationList;
			buildConfigurations = (
				B273F10B2638922700FC5195 /* Debug */,
				B273F10C2638922700FC5195 /* Release */,
			);
			defaultConfigurationIsVisible = 0;
			defaultConfigurationName = Release;
		};
		B273F10D2638922700FC5195 /* Build configuration list for PBXNativeTarget "AuthorizationWithFirebase" */ = {
			isa = XCConfigurationList;
			buildConfigurations = (
				B273F10E2638922700FC5195 /* Debug */,
				B273F10F2638922700FC5195 /* Release */,
			);
			defaultConfigurationIsVisible = 0;
			defaultConfigurationName = Release;
		};
		B273F1102638922700FC5195 /* Build configuration list for PBXNativeTarget "AuthorizationWithFirebaseTests" */ = {
			isa = XCConfigurationList;
			buildConfigurations = (
				B273F1112638922700FC5195 /* Debug */,
				B273F1122638922700FC5195 /* Release */,
			);
			defaultConfigurationIsVisible = 0;
			defaultConfigurationName = Release;
		};
		B273F1132638922700FC5195 /* Build configuration list for PBXNativeTarget "AuthorizationWithFirebaseUITests" */ = {
			isa = XCConfigurationList;
			buildConfigurations = (
				B273F1142638922700FC5195 /* Debug */,
				B273F1152638922700FC5195 /* Release */,
			);
			defaultConfigurationIsVisible = 0;
			defaultConfigurationName = Release;
		};
/* End XCConfigurationList section */
	};
	rootObject = B273F0DB2638922300FC5195 /* Project object */;
}
